// !$*UTF8*$!
{
	archiveVersion = 1;
	classes = {
	};
	objectVersion = 56;
	objects = {

/* Begin PBXBuildFile section */
		DD097A85298BF50C00EFA60F /* AppDelegate.swift in Sources */ = {isa = PBXBuildFile; fileRef = DD097A84298BF50C00EFA60F /* AppDelegate.swift */; };
		DD097A87298BF50C00EFA60F /* SceneDelegate.swift in Sources */ = {isa = PBXBuildFile; fileRef = DD097A86298BF50C00EFA60F /* SceneDelegate.swift */; };
		DD097A89298BF50C00EFA60F /* MainTabbarViewController.swift in Sources */ = {isa = PBXBuildFile; fileRef = DD097A88298BF50C00EFA60F /* MainTabbarViewController.swift */; };
		DD097A8F298BF50C00EFA60F /* TwitterClone.xcdatamodeld in Sources */ = {isa = PBXBuildFile; fileRef = DD097A8D298BF50C00EFA60F /* TwitterClone.xcdatamodeld */; };
		DD097A91298BF50D00EFA60F /* Assets.xcassets in Resources */ = {isa = PBXBuildFile; fileRef = DD097A90298BF50D00EFA60F /* Assets.xcassets */; };
		DD097A94298BF50D00EFA60F /* LaunchScreen.storyboard in Resources */ = {isa = PBXBuildFile; fileRef = DD097A92298BF50D00EFA60F /* LaunchScreen.storyboard */; };
		DD097A9E298BF69300EFA60F /* HomeViewController.swift in Sources */ = {isa = PBXBuildFile; fileRef = DD097A9D298BF69300EFA60F /* HomeViewController.swift */; };
		DD097AA0298BF6A900EFA60F /* SearchViewController.swift in Sources */ = {isa = PBXBuildFile; fileRef = DD097A9F298BF6A900EFA60F /* SearchViewController.swift */; };
		DD097AA2298BF6B500EFA60F /* NotificationsViewController.swift in Sources */ = {isa = PBXBuildFile; fileRef = DD097AA1298BF6B500EFA60F /* NotificationsViewController.swift */; };
		DD097AA4298BF6C400EFA60F /* DirectMessagesViewController.swift in Sources */ = {isa = PBXBuildFile; fileRef = DD097AA3298BF6C400EFA60F /* DirectMessagesViewController.swift */; };
		DD097AA7298C15BD00EFA60F /* TweetTableViewCell.swift in Sources */ = {isa = PBXBuildFile; fileRef = DD097AA6298C15BD00EFA60F /* TweetTableViewCell.swift */; };
		DD253E8D298C36FD00BB1957 /* ProfileViewController.swift in Sources */ = {isa = PBXBuildFile; fileRef = DD253E8C298C36FD00BB1957 /* ProfileViewController.swift */; };
		DD862CF9299151C600FDA177 /* ProfileTableViewHeader.swift in Sources */ = {isa = PBXBuildFile; fileRef = DD862CF8299151C600FDA177 /* ProfileTableViewHeader.swift */; };
/* End PBXBuildFile section */

/* Begin PBXFileReference section */
		DD097A81298BF50C00EFA60F /* TwitterClone.app */ = {isa = PBXFileReference; explicitFileType = wrapper.application; includeInIndex = 0; path = TwitterClone.app; sourceTree = BUILT_PRODUCTS_DIR; };
		DD097A84298BF50C00EFA60F /* AppDelegate.swift */ = {isa = PBXFileReference; lastKnownFileType = sourcecode.swift; path = AppDelegate.swift; sourceTree = "<group>"; };
		DD097A86298BF50C00EFA60F /* SceneDelegate.swift */ = {isa = PBXFileReference; lastKnownFileType = sourcecode.swift; path = SceneDelegate.swift; sourceTree = "<group>"; };
		DD097A88298BF50C00EFA60F /* MainTabbarViewController.swift */ = {isa = PBXFileReference; lastKnownFileType = sourcecode.swift; path = MainTabbarViewController.swift; sourceTree = "<group>"; };
		DD097A8E298BF50C00EFA60F /* TwitterClone.xcdatamodel */ = {isa = PBXFileReference; lastKnownFileType = wrapper.xcdatamodel; path = TwitterClone.xcdatamodel; sourceTree = "<group>"; };
		DD097A90298BF50D00EFA60F /* Assets.xcassets */ = {isa = PBXFileReference; lastKnownFileType = folder.assetcatalog; path = Assets.xcassets; sourceTree = "<group>"; };
		DD097A93298BF50D00EFA60F /* Base */ = {isa = PBXFileReference; lastKnownFileType = file.storyboard; name = Base; path = Base.lproj/LaunchScreen.storyboard; sourceTree = "<group>"; };
		DD097A95298BF50D00EFA60F /* Info.plist */ = {isa = PBXFileReference; lastKnownFileType = text.plist.xml; path = Info.plist; sourceTree = "<group>"; };
		DD097A9D298BF69300EFA60F /* HomeViewController.swift */ = {isa = PBXFileReference; lastKnownFileType = sourcecode.swift; path = HomeViewController.swift; sourceTree = "<group>"; };
		DD097A9F298BF6A900EFA60F /* SearchViewController.swift */ = {isa = PBXFileReference; lastKnownFileType = sourcecode.swift; path = SearchViewController.swift; sourceTree = "<group>"; };
		DD097AA1298BF6B500EFA60F /* NotificationsViewController.swift */ = {isa = PBXFileReference; lastKnownFileType = sourcecode.swift; path = NotificationsViewController.swift; sourceTree = "<group>"; };
		DD097AA3298BF6C400EFA60F /* DirectMessagesViewController.swift */ = {isa = PBXFileReference; lastKnownFileType = sourcecode.swift; path = DirectMessagesViewController.swift; sourceTree = "<group>"; };
		DD097AA6298C15BD00EFA60F /* TweetTableViewCell.swift */ = {isa = PBXFileReference; lastKnownFileType = sourcecode.swift; path = TweetTableViewCell.swift; sourceTree = "<group>"; };
		DD253E8C298C36FD00BB1957 /* ProfileViewController.swift */ = {isa = PBXFileReference; lastKnownFileType = sourcecode.swift; path = ProfileViewController.swift; sourceTree = "<group>"; };
		DD862CF8299151C600FDA177 /* ProfileTableViewHeader.swift */ = {isa = PBXFileReference; lastKnownFileType = sourcecode.swift; path = ProfileTableViewHeader.swift; sourceTree = "<group>"; };
/* End PBXFileReference section */

/* Begin PBXFrameworksBuildPhase section */
		DD097A7E298BF50C00EFA60F /* Frameworks */ = {
			isa = PBXFrameworksBuildPhase;
			buildActionMask = 2147483647;
			files = (
			);
			runOnlyForDeploymentPostprocessing = 0;
		};
/* End PBXFrameworksBuildPhase section */

/* Begin PBXGroup section */
		DD097A78298BF50C00EFA60F = {
			isa = PBXGroup;
			children = (
				DD097A83298BF50C00EFA60F /* TwitterClone */,
				DD097A82298BF50C00EFA60F /* Products */,
			);
			sourceTree = "<group>";
		};
		DD097A82298BF50C00EFA60F /* Products */ = {
			isa = PBXGroup;
			children = (
				DD097A81298BF50C00EFA60F /* TwitterClone.app */,
			);
			name = Products;
			sourceTree = "<group>";
		};
		DD097A83298BF50C00EFA60F /* TwitterClone */ = {
			isa = PBXGroup;
			children = (
				DD097AA5298C159900EFA60F /* Views */,
				DD097A9B298BF67300EFA60F /* Controllers */,
				DD097A84298BF50C00EFA60F /* AppDelegate.swift */,
				DD097A86298BF50C00EFA60F /* SceneDelegate.swift */,
				DD097A90298BF50D00EFA60F /* Assets.xcassets */,
				DD097A92298BF50D00EFA60F /* LaunchScreen.storyboard */,
				DD097A95298BF50D00EFA60F /* Info.plist */,
				DD097A8D298BF50C00EFA60F /* TwitterClone.xcdatamodeld */,
			);
			path = TwitterClone;
			sourceTree = "<group>";
		};
		DD097A9B298BF67300EFA60F /* Controllers */ = {
			isa = PBXGroup;
			children = (
				DD253E8B298C36EB00BB1957 /* General */,
				DD097A9C298BF67E00EFA60F /* Core */,
			);
			path = Controllers;
			sourceTree = "<group>";
		};
		DD097A9C298BF67E00EFA60F /* Core */ = {
			isa = PBXGroup;
			children = (
				DD097A88298BF50C00EFA60F /* MainTabbarViewController.swift */,
				DD097A9D298BF69300EFA60F /* HomeViewController.swift */,
				DD097A9F298BF6A900EFA60F /* SearchViewController.swift */,
				DD097AA1298BF6B500EFA60F /* NotificationsViewController.swift */,
				DD097AA3298BF6C400EFA60F /* DirectMessagesViewController.swift */,
			);
			path = Core;
			sourceTree = "<group>";
		};
		DD097AA5298C159900EFA60F /* Views */ = {
			isa = PBXGroup;
			children = (
				DD097AA6298C15BD00EFA60F /* TweetTableViewCell.swift */,
				DD862CF8299151C600FDA177 /* ProfileTableViewHeader.swift */,
			);
			path = Views;
			sourceTree = "<group>";
		};
		DD253E8B298C36EB00BB1957 /* General */ = {
			isa = PBXGroup;
			children = (
				DD253E8C298C36FD00BB1957 /* ProfileViewController.swift */,
			);
			path = General;
			sourceTree = "<group>";
		};
/* End PBXGroup section */

/* Begin PBXNativeTarget section */
		DD097A80298BF50C00EFA60F /* TwitterClone */ = {
			isa = PBXNativeTarget;
			buildConfigurationList = DD097A98298BF50D00EFA60F /* Build configuration list for PBXNativeTarget "TwitterClone" */;
			buildPhases = (
				DD097A7D298BF50C00EFA60F /* Sources */,
				DD097A7E298BF50C00EFA60F /* Frameworks */,
				DD097A7F298BF50C00EFA60F /* Resources */,
			);
			buildRules = (
			);
			dependencies = (
			);
			name = TwitterClone;
			productName = TwitterClone;
			productReference = DD097A81298BF50C00EFA60F /* TwitterClone.app */;
			productType = "com.apple.product-type.application";
		};
/* End PBXNativeTarget section */

/* Begin PBXProject section */
		DD097A79298BF50C00EFA60F /* Project object */ = {
			isa = PBXProject;
			attributes = {
				BuildIndependentTargetsInParallel = 1;
				LastSwiftUpdateCheck = 1400;
				LastUpgradeCheck = 1400;
				TargetAttributes = {
					DD097A80298BF50C00EFA60F = {
						CreatedOnToolsVersion = 14.0.1;
					};
				};
			};
			buildConfigurationList = DD097A7C298BF50C00EFA60F /* Build configuration list for PBXProject "TwitterClone" */;
			compatibilityVersion = "Xcode 14.0";
			developmentRegion = en;
			hasScannedForEncodings = 0;
			knownRegions = (
				en,
				Base,
			);
			mainGroup = DD097A78298BF50C00EFA60F;
			productRefGroup = DD097A82298BF50C00EFA60F /* Products */;
			projectDirPath = "";
			projectRoot = "";
			targets = (
				DD097A80298BF50C00EFA60F /* TwitterClone */,
			);
		};
/* End PBXProject section */

/* Begin PBXResourcesBuildPhase section */
		DD097A7F298BF50C00EFA60F /* Resources */ = {
			isa = PBXResourcesBuildPhase;
			buildActionMask = 2147483647;
			files = (
				DD097A94298BF50D00EFA60F /* LaunchScreen.storyboard in Resources */,
				DD097A91298BF50D00EFA60F /* Assets.xcassets in Resources */,
			);
			runOnlyForDeploymentPostprocessing = 0;
		};
/* End PBXResourcesBuildPhase section */

/* Begin PBXSourcesBuildPhase section */
		DD097A7D298BF50C00EFA60F /* Sources */ = {
			isa = PBXSourcesBuildPhase;
			buildActionMask = 2147483647;
			files = (
				DD097AA0298BF6A900EFA60F /* SearchViewController.swift in Sources */,
				DD097A9E298BF69300EFA60F /* HomeViewController.swift in Sources */,
				DD253E8D298C36FD00BB1957 /* ProfileViewController.swift in Sources */,
				DD097AA7298C15BD00EFA60F /* TweetTableViewCell.swift in Sources */,
				DD097A89298BF50C00EFA60F /* MainTabbarViewController.swift in Sources */,
				DD097AA4298BF6C400EFA60F /* DirectMessagesViewController.swift in Sources */,
				DD097A8F298BF50C00EFA60F /* TwitterClone.xcdatamodeld in Sources */,
				DD097A85298BF50C00EFA60F /* AppDelegate.swift in Sources */,
				DD097AA2298BF6B500EFA60F /* NotificationsViewController.swift in Sources */,
				DD097A87298BF50C00EFA60F /* SceneDelegate.swift in Sources */,
				DD862CF9299151C600FDA177 /* ProfileTableViewHeader.swift in Sources */,
			);
			runOnlyForDeploymentPostprocessing = 0;
		};
/* End PBXSourcesBuildPhase section */

/* Begin PBXVariantGroup section */
		DD097A92298BF50D00EFA60F /* LaunchScreen.storyboard */ = {
			isa = PBXVariantGroup;
			children = (
				DD097A93298BF50D00EFA60F /* Base */,
			);
			name = LaunchScreen.storyboard;
			sourceTree = "<group>";
		};
/* End PBXVariantGroup section */

/* Begin XCBuildConfiguration section */
		DD097A96298BF50D00EFA60F /* Debug */ = {
			isa = XCBuildConfiguration;
			buildSettings = {
				ALWAYS_SEARCH_USER_PATHS = NO;
				CLANG_ANALYZER_NONNULL = YES;
				CLANG_ANALYZER_NUMBER_OBJECT_CONVERSION = YES_AGGRESSIVE;
				CLANG_CXX_LANGUAGE_STANDARD = "gnu++20";
				CLANG_ENABLE_MODULES = YES;
				CLANG_ENABLE_OBJC_ARC = YES;
				CLANG_ENABLE_OBJC_WEAK = YES;
				CLANG_WARN_BLOCK_CAPTURE_AUTORELEASING = YES;
				CLANG_WARN_BOOL_CONVERSION = YES;
				CLANG_WARN_COMMA = YES;
				CLANG_WARN_CONSTANT_CONVERSION = YES;
				CLANG_WARN_DEPRECATED_OBJC_IMPLEMENTATIONS = YES;
				CLANG_WARN_DIRECT_OBJC_ISA_USAGE = YES_ERROR;
				CLANG_WARN_DOCUMENTATION_COMMENTS = YES;
				CLANG_WARN_EMPTY_BODY = YES;
				CLANG_WARN_ENUM_CONVERSION = YES;
				CLANG_WARN_INFINITE_RECURSION = YES;
				CLANG_WARN_INT_CONVERSION = YES;
				CLANG_WARN_NON_LITERAL_NULL_CONVERSION = YES;
				CLANG_WARN_OBJC_IMPLICIT_RETAIN_SELF = YES;
				CLANG_WARN_OBJC_LITERAL_CONVERSION = YES;
				CLANG_WARN_OBJC_ROOT_CLASS = YES_ERROR;
				CLANG_WARN_QUOTED_INCLUDE_IN_FRAMEWORK_HEADER = YES;
				CLANG_WARN_RANGE_LOOP_ANALYSIS = YES;
				CLANG_WARN_STRICT_PROTOTYPES = YES;
				CLANG_WARN_SUSPICIOUS_MOVE = YES;
				CLANG_WARN_UNGUARDED_AVAILABILITY = YES_AGGRESSIVE;
				CLANG_WARN_UNREACHABLE_CODE = YES;
				CLANG_WARN__DUPLICATE_METHOD_MATCH = YES;
				COPY_PHASE_STRIP = NO;
				DEBUG_INFORMATION_FORMAT = dwarf;
				ENABLE_STRICT_OBJC_MSGSEND = YES;
				ENABLE_TESTABILITY = YES;
				GCC_C_LANGUAGE_STANDARD = gnu11;
				GCC_DYNAMIC_NO_PIC = NO;
				GCC_NO_COMMON_BLOCKS = YES;
				GCC_OPTIMIZATION_LEVEL = 0;
				GCC_PREPROCESSOR_DEFINITIONS = (
					"DEBUG=1",
					"$(inherited)",
				);
				GCC_WARN_64_TO_32_BIT_CONVERSION = YES;
				GCC_WARN_ABOUT_RETURN_TYPE = YES_ERROR;
				GCC_WARN_UNDECLARED_SELECTOR = YES;
				GCC_WARN_UNINITIALIZED_AUTOS = YES_AGGRESSIVE;
				GCC_WARN_UNUSED_FUNCTION = YES;
				GCC_WARN_UNUSED_VARIABLE = YES;
				IPHONEOS_DEPLOYMENT_TARGET = 16.0;
				MTL_ENABLE_DEBUG_INFO = INCLUDE_SOURCE;
				MTL_FAST_MATH = YES;
				ONLY_ACTIVE_ARCH = YES;
				SDKROOT = iphoneos;
				SWIFT_ACTIVE_COMPILATION_CONDITIONS = DEBUG;
				SWIFT_OPTIMIZATION_LEVEL = "-Onone";
			};
			name = Debug;
		};
		DD097A97298BF50D00EFA60F /* Release */ = {
			isa = XCBuildConfiguration;
			buildSettings = {
				ALWAYS_SEARCH_USER_PATHS = NO;
				CLANG_ANALYZER_NONNULL = YES;
				CLANG_ANALYZER_NUMBER_OBJECT_CONVERSION = YES_AGGRESSIVE;
				CLANG_CXX_LANGUAGE_STANDARD = "gnu++20";
				CLANG_ENABLE_MODULES = YES;
				CLANG_ENABLE_OBJC_ARC = YES;
				CLANG_ENABLE_OBJC_WEAK = YES;
				CLANG_WARN_BLOCK_CAPTURE_AUTORELEASING = YES;
				CLANG_WARN_BOOL_CONVERSION = YES;
				CLANG_WARN_COMMA = YES;
				CLANG_WARN_CONSTANT_CONVERSION = YES;
				CLANG_WARN_DEPRECATED_OBJC_IMPLEMENTATIONS = YES;
				CLANG_WARN_DIRECT_OBJC_ISA_USAGE = YES_ERROR;
				CLANG_WARN_DOCUMENTATION_COMMENTS = YES;
				CLANG_WARN_EMPTY_BODY = YES;
				CLANG_WARN_ENUM_CONVERSION = YES;
				CLANG_WARN_INFINITE_RECURSION = YES;
				CLANG_WARN_INT_CONVERSION = YES;
				CLANG_WARN_NON_LITERAL_NULL_CONVERSION = YES;
				CLANG_WARN_OBJC_IMPLICIT_RETAIN_SELF = YES;
				CLANG_WARN_OBJC_LITERAL_CONVERSION = YES;
				CLANG_WARN_OBJC_ROOT_CLASS = YES_ERROR;
				CLANG_WARN_QUOTED_INCLUDE_IN_FRAMEWORK_HEADER = YES;
				CLANG_WARN_RANGE_LOOP_ANALYSIS = YES;
				CLANG_WARN_STRICT_PROTOTYPES = YES;
				CLANG_WARN_SUSPICIOUS_MOVE = YES;
				CLANG_WARN_UNGUARDED_AVAILABILITY = YES_AGGRESSIVE;
				CLANG_WARN_UNREACHABLE_CODE = YES;
				CLANG_WARN__DUPLICATE_METHOD_MATCH = YES;
				COPY_PHASE_STRIP = NO;
				DEBUG_INFORMATION_FORMAT = "dwarf-with-dsym";
				ENABLE_NS_ASSERTIONS = NO;
				ENABLE_STRICT_OBJC_MSGSEND = YES;
				GCC_C_LANGUAGE_STANDARD = gnu11;
				GCC_NO_COMMON_BLOCKS = YES;
				GCC_WARN_64_TO_32_BIT_CONVERSION = YES;
				GCC_WARN_ABOUT_RETURN_TYPE = YES_ERROR;
				GCC_WARN_UNDECLARED_SELECTOR = YES;
				GCC_WARN_UNINITIALIZED_AUTOS = YES_AGGRESSIVE;
				GCC_WARN_UNUSED_FUNCTION = YES;
				GCC_WARN_UNUSED_VARIABLE = YES;
				IPHONEOS_DEPLOYMENT_TARGET = 16.0;
				MTL_ENABLE_DEBUG_INFO = NO;
				MTL_FAST_MATH = YES;
				SDKROOT = iphoneos;
				SWIFT_COMPILATION_MODE = wholemodule;
				SWIFT_OPTIMIZATION_LEVEL = "-O";
				VALIDATE_PRODUCT = YES;
			};
			name = Release;
		};
		DD097A99298BF50D00EFA60F /* Debug */ = {
			isa = XCBuildConfiguration;
			buildSettings = {
				ASSETCATALOG_COMPILER_APPICON_NAME = AppIcon;
				ASSETCATALOG_COMPILER_GLOBAL_ACCENT_COLOR_NAME = AccentColor;
				CODE_SIGN_STYLE = Automatic;
				CURRENT_PROJECT_VERSION = 1;
				DEVELOPMENT_TEAM = DC2CCCCLGJ;
				GENERATE_INFOPLIST_FILE = YES;
				INFOPLIST_FILE = TwitterClone/Info.plist;
				INFOPLIST_KEY_UIApplicationSupportsIndirectInputEvents = YES;
				INFOPLIST_KEY_UILaunchStoryboardName = LaunchScreen;
				INFOPLIST_KEY_UISupportedInterfaceOrientations_iPad = "UIInterfaceOrientationPortrait UIInterfaceOrientationPortraitUpsideDown UIInterfaceOrientationLandscapeLeft UIInterfaceOrientationLandscapeRight";
				INFOPLIST_KEY_UISupportedInterfaceOrientations_iPhone = "UIInterfaceOrientationPortrait UIInterfaceOrientationLandscapeLeft UIInterfaceOrientationLandscapeRight";
				LD_RUNPATH_SEARCH_PATHS = (
					"$(inherited)",
					"@executable_path/Frameworks",
				);
				MARKETING_VERSION = 1.0;
				PRODUCT_BUNDLE_IDENTIFIER = com.aligorkemaksoz.TwitterClone;
				PRODUCT_NAME = "$(TARGET_NAME)";
				SWIFT_EMIT_LOC_STRINGS = YES;
				SWIFT_VERSION = 5.0;
				TARGETED_DEVICE_FAMILY = "1,2";
			};
			name = Debug;
		};
		DD097A9A298BF50D00EFA60F /* Release */ = {
			isa = XCBuildConfiguration;
			buildSettings = {
				ASSETCATALOG_COMPILER_APPICON_NAME = AppIcon;
				ASSETCATALOG_COMPILER_GLOBAL_ACCENT_COLOR_NAME = AccentColor;
				CODE_SIGN_STYLE = Automatic;
				CURRENT_PROJECT_VERSION = 1;
				DEVELOPMENT_TEAM = DC2CCCCLGJ;
				GENERATE_INFOPLIST_FILE = YES;
				INFOPLIST_FILE = TwitterClone/Info.plist;
				INFOPLIST_KEY_UIApplicationSupportsIndirectInputEvents = YES;
				INFOPLIST_KEY_UILaunchStoryboardName = LaunchScreen;
				INFOPLIST_KEY_UISupportedInterfaceOrientations_iPad = "UIInterfaceOrientationPortrait UIInterfaceOrientationPortraitUpsideDown UIInterfaceOrientationLandscapeLeft UIInterfaceOrientationLandscapeRight";
				INFOPLIST_KEY_UISupportedInterfaceOrientations_iPhone = "UIInterfaceOrientationPortrait UIInterfaceOrientationLandscapeLeft UIInterfaceOrientationLandscapeRight";
				LD_RUNPATH_SEARCH_PATHS = (
					"$(inherited)",
					"@executable_path/Frameworks",
				);
				MARKETING_VERSION = 1.0;
				PRODUCT_BUNDLE_IDENTIFIER = com.aligorkemaksoz.TwitterClone;
				PRODUCT_NAME = "$(TARGET_NAME)";
				SWIFT_EMIT_LOC_STRINGS = YES;
				SWIFT_VERSION = 5.0;
				TARGETED_DEVICE_FAMILY = "1,2";
			};
			name = Release;
		};
/* End XCBuildConfiguration section */

/* Begin XCConfigurationList section */
		DD097A7C298BF50C00EFA60F /* Build configuration list for PBXProject "TwitterClone" */ = {
			isa = XCConfigurationList;
			buildConfigurations = (
				DD097A96298BF50D00EFA60F /* Debug */,
				DD097A97298BF50D00EFA60F /* Release */,
			);
			defaultConfigurationIsVisible = 0;
			defaultConfigurationName = Release;
		};
		DD097A98298BF50D00EFA60F /* Build configuration list for PBXNativeTarget "TwitterClone" */ = {
			isa = XCConfigurationList;
			buildConfigurations = (
				DD097A99298BF50D00EFA60F /* Debug */,
				DD097A9A298BF50D00EFA60F /* Release */,
			);
			defaultConfigurationIsVisible = 0;
			defaultConfigurationName = Release;
		};
/* End XCConfigurationList section */

/* Begin XCVersionGroup section */
		DD097A8D298BF50C00EFA60F /* TwitterClone.xcdatamodeld */ = {
			isa = XCVersionGroup;
			children = (
				DD097A8E298BF50C00EFA60F /* TwitterClone.xcdatamodel */,
			);
			currentVersion = DD097A8E298BF50C00EFA60F /* TwitterClone.xcdatamodel */;
			path = TwitterClone.xcdatamodeld;
			sourceTree = "<group>";
			versionGroupType = wrapper.xcdatamodel;
		};
/* End XCVersionGroup section */
	};
	rootObject = DD097A79298BF50C00EFA60F /* Project object */;
}
